
Microsoft Visual Studio Solution File, Format Version 12.00
# Visual Studio 2013
VisualStudioVersion = 12.0.21005.1
MinimumVisualStudioVersion = 10.0.40219.1
Project("{FAE04EC0-301F-11D3-BF4B-00C04F79EFBC}") = "SharedLib", "SharedLib\SharedLib.csproj", "{481F61A5-9D89-4125-B18B-6410CC67CFC7}"
EndProject
Project("{FAE04EC0-301F-11D3-BF4B-00C04F79EFBC}") = "CheckRegisterClient", "CheckRegisterClient\CheckRegisterClient.csproj", "{71085B70-3228-4B28-9EFF-EBF12E9F9176}"
EndProject
Project("{FAE04EC0-301F-11D3-BF4B-00C04F79EFBC}") = "Utilities", "Utilities\Utilities.csproj", "{38412AD8-0872-4820-BA61-459AD39B8AAD}"
EndProject
Project("{FAE04EC0-301F-11D3-BF4B-00C04F79EFBC}") = "CheckRegisterServiceLib", "CheckRegisterServiceLib\CheckRegisterServiceLib.csproj", "{7C7BDC3E-3C33-45CD-816C-DB6C3DA518F1}"
EndProject
Project("{FAE04EC0-301F-11D3-BF4B-00C04F79EFBC}") = "CheckRegisterServiceHost", "CheckRegisterServiceHost\CheckRegisterServiceHost.csproj", "{6327BFD3-9572-45E0-AE25-ADB3E53B50C3}"
EndProject
Global
	GlobalSection(SolutionConfigurationPlatforms) = preSolution
		Debug|Any CPU = Debug|Any CPU
		Release|Any CPU = Release|Any CPU
	EndGlobalSection
	GlobalSection(ProjectConfigurationPlatforms) = postSolution
		{481F61A5-9D89-4125-B18B-6410CC67CFC7}.Debug|Any CPU.ActiveCfg = Debug|Any CPU
		{481F61A5-9D89-4125-B18B-6410CC67CFC7}.Debug|Any CPU.Build.0 = Debug|Any CPU
		{481F61A5-9D89-4125-B18B-6410CC67CFC7}.Release|Any CPU.ActiveCfg = Release|Any CPU
		{481F61A5-9D89-4125-B18B-6410CC67CFC7}.Release|Any CPU.Build.0 = Release|Any CPU
		{71085B70-3228-4B28-9EFF-EBF12E9F9176}.Debug|Any CPU.ActiveCfg = Debug|Any CPU
		{71085B70-3228-4B28-9EFF-EBF12E9F9176}.Debug|Any CPU.Build.0 = Debug|Any CPU
		{71085B70-3228-4B28-9EFF-EBF12E9F9176}.Release|Any CPU.ActiveCfg = Release|Any CPU
		{71085B70-3228-4B28-9EFF-EBF12E9F9176}.Release|Any CPU.Build.0 = Release|Any CPU
		{38412AD8-0872-4820-BA61-459AD39B8AAD}.Debug|Any CPU.ActiveCfg = Debug|Any CPU
		{38412AD8-0872-4820-BA61-459AD39B8AAD}.Debug|Any CPU.Build.0 = Debug|Any CPU
		{38412AD8-0872-4820-BA61-459AD39B8AAD}.Release|Any CPU.ActiveCfg = Release|Any CPU
		{38412AD8-0872-4820-BA61-459AD39B8AAD}.Release|Any CPU.Build.0 = Release|Any CPU
		{7C7BDC3E-3C33-45CD-816C-DB6C3DA518F1}.Debug|Any CPU.ActiveCfg = Debug|Any CPU
		{7C7BDC3E-3C33-45CD-816C-DB6C3DA518F1}.Debug|Any CPU.Build.0 = Debug|Any CPU
		{7C7BDC3E-3C33-45CD-816C-DB6C3DA518F1}.Release|Any CPU.ActiveCfg = Release|Any CPU
		{7C7BDC3E-3C33-45CD-816C-DB6C3DA518F1}.Release|Any CPU.Build.0 = Release|Any CPU
		{6327BFD3-9572-45E0-AE25-ADB3E53B50C3}.Debug|Any CPU.ActiveCfg = Debug|Any CPU
		{6327BFD3-9572-45E0-AE25-ADB3E53B50C3}.Debug|Any CPU.Build.0 = Debug|Any CPU
		{6327BFD3-9572-45E0-AE25-ADB3E53B50C3}.Release|Any CPU.ActiveCfg = Release|Any CPU
		{6327BFD3-9572-45E0-AE25-ADB3E53B50C3}.Release|Any CPU.Build.0 = Release|Any CPU
	EndGlobalSection
	GlobalSection(SolutionProperties) = preSolution
		HideSolutionNode = FALSE
	EndGlobalSection
EndGlobal
